<?xml version="1.0" encoding="utf-8"?>
<Project ToolsVersion="4.0" xmlns="http://schemas.microsoft.com/developer/msbuild/2003">
  <ItemGroup>
    <Filter Include="Source Files">
      <UniqueIdentifier>{4FC737F1-C7A5-4376-A066-2A32D752A2FF}</UniqueIdentifier>
      <Extensions>cpp;c;cc;cxx;def;odl;idl;hpj;bat;asm;asmx</Extensions>
    </Filter>
    <Filter Include="Header Files">
      <UniqueIdentifier>{93995380-89BD-4b04-88EB-625FBE52EBFB}</UniqueIdentifier>
      <Extensions>h;hh;hpp;hxx;hm;inl;inc;xsd</Extensions>
    </Filter>
    <Filter Include="Resource Files">
      <UniqueIdentifier>{67DA6AB6-F800-4c08-8B7A-83BB121AAD01}</UniqueIdentifier>
      <Extensions>rc;ico;cur;bmp;dlg;rc2;rct;bin;rgs;gif;jpg;jpeg;jpe;resx;tiff;tif;png;wav;mfcribbon-ms</Extensions>
    </Filter>
  </ItemGroup>
  <ItemGroup>
    <Text Include="ReadMe.txt" />
    <Text Include="Encounters\ChallengingTower\ChallengingTower.txt" />
    <Text Include="Encounters\ImprisonmentDungeons\after_labyrinth.txt" />
    <Text Include="Encounters\ImprisonmentDungeons\beginning.txt" />
    <Text Include="Encounters\ImprisonmentDungeons\dungeons_fall.txt" />
    <Text Include="Encounters\ImprisonmentDungeons\labyrinth.txt" />
    <Text Include="Encounters\ImprisonmentDungeons\next_labyrinth.txt" />
    <Text Include="Encounters\ImprisonmentDungeons\no_escape.txt" />
    <Text Include="Encounters\ImprisonmentDungeons\no_fall.txt" />
    <Text Include="Encounters\ImprisonmentDungeons\prison.txt" />
    <Text Include="Encounters\MeetingSage\advices.txt" />
    <Text Include="Encounters\MeetingSage\beginning2.txt" />
    <Text Include="Encounters\MeetingSage\sage.txt" />
    <Text Include="Encounters\MeetingSage\second_quest.txt" />
    <Text Include="Encounters\Maze\Maze1.txt" />
  </ItemGroup>
  <ItemGroup>
    <ClInclude Include="targetver.h">
      <Filter>Header Files</Filter>
    </ClInclude>
    <ClInclude Include="Character.h">
      <Filter>Header Files</Filter>
    </ClInclude>
    <ClInclude Include="EmptyLocation.h">
      <Filter>Header Files</Filter>
    </ClInclude>
    <ClInclude Include="Encounter.h">
      <Filter>Header Files</Filter>
    </ClInclude>
    <ClInclude Include="Forest.h">
      <Filter>Header Files</Filter>
    </ClInclude>
    <ClInclude Include="Item.h">
      <Filter>Header Files</Filter>
    </ClInclude>
    <ClInclude Include="Location.h">
      <Filter>Header Files</Filter>
    </ClInclude>
    <ClInclude Include="Map.h">
      <Filter>Header Files</Filter>
    </ClInclude>
    <ClInclude Include="Meadow.h">
      <Filter>Header Files</Filter>
    </ClInclude>
    <ClInclude Include="Mountain.h">
      <Filter>Header Files</Filter>
    </ClInclude>
    <ClInclude Include="TestLocation.h">
      <Filter>Header Files</Filter>
    </ClInclude>
    <ClInclude Include="UserInterface.h">
      <Filter>Header Files</Filter>
    </ClInclude>
    <ClInclude Include="GhastlyHeath.h">
      <Filter>Header Files</Filter>
    </ClInclude>
    <ClInclude Include="Route.h">
      <Filter>Header Files</Filter>
    </ClInclude>
    <ClInclude Include="Encounters\MagicalDoors\MagicalDoors.h">
      <Filter>Header Files</Filter>
    </ClInclude>
    <ClInclude Include="Encounters\BrokenTree\BrokenTree.h">
      <Filter>Header Files</Filter>
    </ClInclude>
    <ClInclude Include="Encounters\ChallengingTower\ChallengingTower.h">
      <Filter>Header Files</Filter>
    </ClInclude>
    <ClInclude Include="Encounters\DeepDownLow\DeepDownLow.h">
      <Filter>Header Files</Filter>
    </ClInclude>
    <ClInclude Include="Encounters\Graveyard\Graveyard.h">
      <Filter>Header Files</Filter>
    </ClInclude>
    <ClInclude Include="Encounters\FishStall\FishStall.h">
      <Filter>Header Files</Filter>
    </ClInclude>
    <ClInclude Include="Encounters\Owl\Owl.h">
      <Filter>Header Files</Filter>
    </ClInclude>
    <ClInclude Include="Encounters\ImprisonmentDungeons\ImprisonmentDungeons.h">
      <Filter>Header Files</Filter>
    </ClInclude>
    <ClInclude Include="Encounters\ImprisonmentDungeons\Labyrinth.h">
      <Filter>Header Files</Filter>
    </ClInclude>
    <ClInclude Include="Encounters\MeetingSage\Load_from_file1.h">
      <Filter>Header Files</Filter>
    </ClInclude>
    <ClInclude Include="Encounters\MeetingSage\MeetingSage.h">
      <Filter>Header Files</Filter>
    </ClInclude>
    <ClInclude Include="resource.h">
      <Filter>Header Files</Filter>
    </ClInclude>
    <ClInclude Include="Dungeons.h">
      <Filter>Header Files</Filter>
    </ClInclude>
    <ClInclude Include="Encounters\ImprisonmentDungeons\Load_from_file.h">
      <Filter>Header Files</Filter>
    </ClInclude>
    <ClInclude Include="Encounters\Cave\Cave.h">
      <Filter>Header Files</Filter>
    </ClInclude>
    <ClInclude Include="Encounters\Desert\Desert.h">
      <Filter>Header Files</Filter>
    </ClInclude>
    <ClInclude Include="Tower.h">
      <Filter>Header Files</Filter>
    </ClInclude>
    <ClInclude Include="Encounters\NeverEndingTower\Neverending-Tower_Hard.h">
      <Filter>Header Files</Filter>
    </ClInclude>
    <ClInclude Include="Camp.h">
      <Filter>Header Files</Filter>
    </ClInclude>
    <ClInclude Include="Encounters\Maze\Maze.h">
      <Filter>Header Files</Filter>
    </ClInclude>
    <ClInclude Include="Encounters\Farm\Farm.h">
      <Filter>Header Files</Filter>
    </ClInclude>
    <ClInclude Include="Encounters\Tavern\Tavern.h">
      <Filter>Header Files</Filter>
    </ClInclude>
    <ClInclude Include="Walk.h">
      <Filter>Header Files</Filter>
    </ClInclude>
    <ClInclude Include="Arena.h">
      <Filter>Header Files</Filter>
    </ClInclude>
    <ClInclude Include="MonsterComposite.h">
      <Filter>Header Files</Filter>
    </ClInclude>
    <ClInclude Include="Monster.h">
      <Filter>Header Files</Filter>
    </ClInclude>
    <ClInclude Include="AbstractItemFactory.h">
      <Filter>Header Files</Filter>
    </ClInclude>
    <ClInclude Include="AetherArmor.h">
      <Filter>Header Files</Filter>
    </ClInclude>
    <ClInclude Include="AetherArmorFactory.h">
      <Filter>Header Files</Filter>
    </ClInclude>
    <ClInclude Include="Armor.h">
      <Filter>Header Files</Filter>
    </ClInclude>
    <ClInclude Include="EQ.h">
      <Filter>Header Files</Filter>
    </ClInclude>
    <ClInclude Include="Food.h">
      <Filter>Header Files</Filter>
    </ClInclude>
    <ClInclude Include="MeleeWeapon.h">
      <Filter>Header Files</Filter>
    </ClInclude>
    <ClInclude Include="RangedWeapon.h">
      <Filter>Header Files</Filter>
    </ClInclude>
    <ClInclude Include="SafeEncounter.h">
      <Filter>Header Files</Filter>
    </ClInclude>
  </ItemGroup>
  <ItemGroup>
    <ClCompile Include="main.cpp">
      <Filter>Source Files</Filter>
    </ClCompile>
    <ClCompile Include="Character.cpp">
      <Filter>Source Files</Filter>
    </ClCompile>
    <ClCompile Include="EmptyLocation.cpp">
      <Filter>Source Files</Filter>
    </ClCompile>
    <ClCompile Include="Encounter.cpp">
      <Filter>Source Files</Filter>
    </ClCompile>
    <ClCompile Include="Forest.cpp">
      <Filter>Source Files</Filter>
    </ClCompile>
    <ClCompile Include="Item.cpp">
      <Filter>Source Files</Filter>
    </ClCompile>
    <ClCompile Include="Location.cpp">
      <Filter>Source Files</Filter>
    </ClCompile>
    <ClCompile Include="Map.cpp">
      <Filter>Source Files</Filter>
    </ClCompile>
    <ClCompile Include="Meadow.cpp">
      <Filter>Source Files</Filter>
    </ClCompile>
    <ClCompile Include="Mountain.cpp">
      <Filter>Source Files</Filter>
    </ClCompile>
    <ClCompile Include="TestLocation.cpp">
      <Filter>Source Files</Filter>
    </ClCompile>
    <ClCompile Include="UserInterface.cpp">
      <Filter>Source Files</Filter>
    </ClCompile>
    <ClCompile Include="Walk.cpp">
      <Filter>Source Files</Filter>
    </ClCompile>
    <ClCompile Include="GhastlyHeath.cpp">
      <Filter>Source Files</Filter>
    </ClCompile>
    <ClCompile Include="Route.cpp">
      <Filter>Source Files</Filter>
    </ClCompile>
    <ClCompile Include="Encounters\MagicalDoors\MagicalDoors.cpp">
      <Filter>Source Files</Filter>
    </ClCompile>
    <ClCompile Include="Encounters\BrokenTree\BrokenTree.cpp">
      <Filter>Source Files</Filter>
    </ClCompile>
    <ClCompile Include="Encounters\ChallengingTower\ChallengingTower.cpp">
      <Filter>Source Files</Filter>
    </ClCompile>
    <ClCompile Include="Encounters\DeepDownLow\DeepDownLow.cpp">
      <Filter>Source Files</Filter>
    </ClCompile>
    <ClCompile Include="Encounters\Graveyard\Graveyard.cpp">
      <Filter>Source Files</Filter>
    </ClCompile>
    <ClCompile Include="Encounters\FishStall\FishStall.cpp">
      <Filter>Source Files</Filter>
    </ClCompile>
    <ClCompile Include="Encounters\Owl\Owl.cpp">
      <Filter>Source Files</Filter>
    </ClCompile>
    <ClCompile Include="Encounters\ImprisonmentDungeons\ImprisonmentDungeons.cpp">
      <Filter>Source Files</Filter>
    </ClCompile>
    <ClCompile Include="Encounters\ImprisonmentDungeons\Labyrinth.cpp">
      <Filter>Source Files</Filter>
    </ClCompile>
    <ClCompile Include="Encounters\MeetingSage\Load_from_file1.cpp">
      <Filter>Source Files</Filter>
    </ClCompile>
    <ClCompile Include="Encounters\MeetingSage\MeetingSage.cpp">
      <Filter>Source Files</Filter>
    </ClCompile>
    <ClCompile Include="Dungeons.cpp">
      <Filter>Source Files</Filter>
    </ClCompile>
    <ClCompile Include="Encounters\ImprisonmentDungeons\Load_from_file.cpp">
      <Filter>Source Files</Filter>
    </ClCompile>
    <ClCompile Include="Encounters\Cave\Cave.cpp">
      <Filter>Source Files</Filter>
    </ClCompile>
    <ClCompile Include="Encounters\Cave\Dreisine.cpp">
      <Filter>Source Files</Filter>
    </ClCompile>
    <ClCompile Include="Encounters\Cave\Goblin.cpp">
      <Filter>Source Files</Filter>
    </ClCompile>
    <ClCompile Include="Encounters\Desert\Attack.cpp">
      <Filter>Source Files</Filter>
    </ClCompile>
    <ClCompile Include="Encounters\Desert\Companion.cpp">
      <Filter>Source Files</Filter>
    </ClCompile>
    <ClCompile Include="Encounters\Desert\Desert.cpp">
      <Filter>Source Files</Filter>
    </ClCompile>
    <ClCompile Include="Encounters\Desert\East.cpp">
      <Filter>Source Files</Filter>
    </ClCompile>
    <ClCompile Include="Encounters\Desert\Negotiation.cpp">
      <Filter>Source Files</Filter>
    </ClCompile>
    <ClCompile Include="Encounters\Desert\NoCompanion.cpp">
      <Filter>Source Files</Filter>
    </ClCompile>
    <ClCompile Include="Encounters\Desert\West.cpp">
      <Filter>Source Files</Filter>
    </ClCompile>
    <ClCompile Include="Tower.cpp">
      <Filter>Source Files</Filter>
    </ClCompile>
    <ClCompile Include="Encounters\NeverEndingTower\Neverending-Tower_Hard.cpp">
      <Filter>Source Files</Filter>
    </ClCompile>
    <ClCompile Include="Camp.cpp">
      <Filter>Source Files</Filter>
    </ClCompile>
    <ClCompile Include="Encounters\Maze\Maze.cpp">
      <Filter>Source Files</Filter>
    </ClCompile>
    <ClCompile Include="Encounters\Farm\Farm.cpp">
      <Filter>Source Files</Filter>
    </ClCompile>
    <ClCompile Include="Encounters\Tavern\Tavern.cpp">
      <Filter>Source Files</Filter>
    </ClCompile>
    <ClCompile Include="Arena.cpp">
      <Filter>Source Files</Filter>
    </ClCompile>
    <ClCompile Include="MonsterComposite.cpp">
      <Filter>Source Files</Filter>
    </ClCompile>
    <ClCompile Include="Monster.cpp">
      <Filter>Source Files</Filter>
    </ClCompile>
    <ClCompile Include="AbstractItemFactory.cpp">
      <Filter>Source Files</Filter>
    </ClCompile>
    <ClCompile Include="AetherArmor.cpp">
      <Filter>Source Files</Filter>
    </ClCompile>
    <ClCompile Include="AetherArmorFactory.cpp">
      <Filter>Source Files</Filter>
    </ClCompile>
    <ClCompile Include="Armor.cpp">
      <Filter>Source Files</Filter>
    </ClCompile>
    <ClCompile Include="EQ.cpp">
      <Filter>Source Files</Filter>
    </ClCompile>
    <ClCompile Include="Food.cpp">
      <Filter>Source Files</Filter>
    </ClCompile>
    <ClCompile Include="MeleeWeapon.cpp">
      <Filter>Source Files</Filter>
    </ClCompile>
    <ClCompile Include="RangedWeapon.cpp">
      <Filter>Source Files</Filter>
    </ClCompile>
    <ClCompile Include="SafeEncounter.cpp">
      <Filter>Source Files</Filter>
    </ClCompile>
  </ItemGroup>
  <ItemGroup>
    <ResourceCompile Include="main.rc">
      <Filter>Resource Files</Filter>
    </ResourceCompile>
  </ItemGroup>
</Project>